
Microsoft Visual Studio Solution File, Format Version 12.00
# Visual Studio 14
VisualStudioVersion = 14.0.24720.0
MinimumVisualStudioVersion = 10.0.40219.1
Project("{FAE04EC0-301F-11D3-BF4B-00C04F79EFBC}") = "DeniaRealty", "DeniaRealty\DeniaRealty.csproj", "{D58257E8-CF9A-48D8-A967-ECCF2523F69A}"
EndProject
Project("{FAE04EC0-301F-11D3-BF4B-00C04F79EFBC}") = "DeniaRealty.Tests", "DeniaRealty.Tests\DeniaRealty.Tests.csproj", "{94AE60C4-0857-4770-83A6-E2C5815975B5}"
EndProject
Global
	GlobalSection(SolutionConfigurationPlatforms) = preSolution
		Debug|Any CPU = Debug|Any CPU
		Release|Any CPU = Release|Any CPU
	EndGlobalSection
	GlobalSection(ProjectConfigurationPlatforms) = postSolution
		{D58257E8-CF9A-48D8-A967-ECCF2523F69A}.Debug|Any CPU.ActiveCfg = Debug|Any CPU
		{D58257E8-CF9A-48D8-A967-ECCF2523F69A}.Debug|Any CPU.Build.0 = Debug|Any CPU
		{D58257E8-CF9A-48D8-A967-ECCF2523F69A}.Release|Any CPU.ActiveCfg = Release|Any CPU
		{D58257E8-CF9A-48D8-A967-ECCF2523F69A}.Release|Any CPU.Build.0 = Release|Any CPU
		{94AE60C4-0857-4770-83A6-E2C5815975B5}.Debug|Any CPU.ActiveCfg = Debug|Any CPU
		{94AE60C4-0857-4770-83A6-E2C5815975B5}.Debug|Any CPU.Build.0 = Debug|Any CPU
		{94AE60C4-0857-4770-83A6-E2C5815975B5}.Release|Any CPU.ActiveCfg = Release|Any CPU
		{94AE60C4-0857-4770-83A6-E2C5815975B5}.Release|Any CPU.Build.0 = Release|Any CPU
	EndGlobalSection
	GlobalSection(SolutionProperties) = preSolution
		HideSolutionNode = FALSE
	EndGlobalSection
EndGlobal
